PODS:
  - AlignedCollectionViewFlowLayout (1.1.2)
  - CropViewController (2.5.1)
  - EzPopup (1.1)
  - Firebase/Analytics (6.9.0):
    - Firebase/Core
  - Firebase/Core (6.9.0):
    - Firebase/CoreOnly
    - FirebaseAnalytics (= 6.1.2)
  - Firebase/CoreOnly (6.9.0):
    - FirebaseCore (= 6.3.0)
  - Firebase/MLVision (6.9.0):
    - Firebase/CoreOnly
    - FirebaseMLVision (~> 0.18.0)
  - Firebase/MLVisionTextModel (6.9.0):
    - Firebase/CoreOnly
    - FirebaseMLVisionTextModel (~> 0.18.0)
  - FirebaseAnalytics (6.1.2):
    - FirebaseCore (~> 6.3)
    - FirebaseInstanceID (~> 4.2)
    - GoogleAppMeasurement (= 6.1.2)
    - GoogleUtilities/AppDelegateSwizzler (~> 6.0)
    - GoogleUtilities/MethodSwizzler (~> 6.0)
    - GoogleUtilities/Network (~> 6.0)
    - "GoogleUtilities/NSData+zlib (~> 6.0)"
    - nanopb (~> 0.3)
  - FirebaseCore (6.3.0):
    - FirebaseCoreDiagnostics (~> 1.0)
    - FirebaseCoreDiagnosticsInterop (~> 1.0)
    - GoogleUtilities/Environment (~> 6.2)
    - GoogleUtilities/Logger (~> 6.2)
  - FirebaseCoreDiagnostics (1.1.0):
    - FirebaseCoreDiagnosticsInterop (~> 1.0)
    - GoogleDataTransportCCTSupport (~> 1.0)
    - GoogleUtilities/Environment (~> 6.2)
    - GoogleUtilities/Logger (~> 6.2)
  - FirebaseCoreDiagnosticsInterop (1.0.0)
  - FirebaseInstanceID (4.2.5):
    - FirebaseCore (~> 6.0)
    - GoogleUtilities/Environment (~> 6.0)
    - GoogleUtilities/UserDefaults (~> 6.0)
  - FirebaseMLCommon (0.18.0):
    - FirebaseCore (~> 6.2)
    - FirebaseInstanceID (~> 4.2)
    - GoogleToolboxForMac/Logger (~> 2.1)
    - "GoogleToolboxForMac/NSData+zlib (~> 2.1)"
    - "GoogleToolboxForMac/NSDictionary+URLArguments (~> 2.1)"
    - GoogleUtilities/UserDefaults (~> 6.0)
    - GTMSessionFetcher/Core (~> 1.1)
    - Protobuf (~> 3.5)
  - FirebaseMLVision (0.18.0):
    - FirebaseCore (~> 6.2)
    - FirebaseMLCommon (~> 0.18)
    - GoogleAPIClientForREST/Core (~> 1.3)
    - GoogleAPIClientForREST/Vision (~> 1.3)
    - GoogleToolboxForMac/Logger (~> 2.1)
    - "GoogleToolboxForMac/NSData+zlib (~> 2.1)"
    - GTMSessionFetcher/Core (~> 1.1)
    - Protobuf (~> 3.5)
  - FirebaseMLVisionTextModel (0.18.0):
    - FirebaseMLVision (~> 0.18)
  - FloatingPanel (1.7.0)
  - GoogleAPIClientForREST/Core (1.3.10):
    - GTMSessionFetcher (>= 1.1.7)
  - GoogleAPIClientForREST/Vision (1.3.10):
    - GoogleAPIClientForREST/Core
    - GTMSessionFetcher (>= 1.1.7)
  - GoogleAppMeasurement (6.1.2):
    - GoogleUtilities/AppDelegateSwizzler (~> 6.0)
    - GoogleUtilities/MethodSwizzler (~> 6.0)
    - GoogleUtilities/Network (~> 6.0)
    - "GoogleUtilities/NSData+zlib (~> 6.0)"
    - nanopb (~> 0.3)
  - GoogleDataTransport (2.0.0)
  - GoogleDataTransportCCTSupport (1.1.0):
    - GoogleDataTransport (~> 2.0)
    - nanopb
  - GoogleToolboxForMac/DebugUtils (2.2.1):
    - GoogleToolboxForMac/Defines (= 2.2.1)
  - GoogleToolboxForMac/Defines (2.2.1)
  - GoogleToolboxForMac/Logger (2.2.1):
    - GoogleToolboxForMac/Defines (= 2.2.1)
  - "GoogleToolboxForMac/NSData+zlib (2.2.1)":
    - GoogleToolboxForMac/Defines (= 2.2.1)
  - "GoogleToolboxForMac/NSDictionary+URLArguments (2.2.1)":
    - GoogleToolboxForMac/DebugUtils (= 2.2.1)
    - GoogleToolboxForMac/Defines (= 2.2.1)
    - "GoogleToolboxForMac/NSString+URLArguments (= 2.2.1)"
  - "GoogleToolboxForMac/NSString+URLArguments (2.2.1)"
  - GoogleUtilities/AppDelegateSwizzler (6.3.1):
    - GoogleUtilities/Environment
    - GoogleUtilities/Logger
    - GoogleUtilities/Network
  - GoogleUtilities/Environment (6.3.1)
  - GoogleUtilities/Logger (6.3.1):
    - GoogleUtilities/Environment
  - GoogleUtilities/MethodSwizzler (6.3.1):
    - GoogleUtilities/Logger
  - GoogleUtilities/Network (6.3.1):
    - GoogleUtilities/Logger
    - "GoogleUtilities/NSData+zlib"
    - GoogleUtilities/Reachability
  - "GoogleUtilities/NSData+zlib (6.3.1)"
  - GoogleUtilities/Reachability (6.3.1):
    - GoogleUtilities/Logger
  - GoogleUtilities/UserDefaults (6.3.1):
    - GoogleUtilities/Logger
  - GTMSessionFetcher (1.2.2):
    - GTMSessionFetcher/Full (= 1.2.2)
  - GTMSessionFetcher/Core (1.2.2)
  - GTMSessionFetcher/Full (1.2.2):
    - GTMSessionFetcher/Core (= 1.2.2)
  - MXParallaxHeader (1.0.0)
  - nanopb (0.3.901):
    - nanopb/decode (= 0.3.901)
    - nanopb/encode (= 0.3.901)
  - nanopb/decode (0.3.901)
  - nanopb/encode (0.3.901)
  - paper-onboarding (6.1.3)
  - Protobuf (3.10.0)
  - QuickLayout (3.0.0)
  - Reductio (1.4.0)
  - RSLoadingView (1.1.3)
  - SwiftEntryKit (1.2.3):
    - QuickLayout (= 3.0.0)
  - SwiftSoup (2.2.1)
  - SwiftyJSON (4.3.0)

DEPENDENCIES:
  - AlignedCollectionViewFlowLayout
  - CropViewController
  - EzPopup
  - Firebase/Analytics
  - Firebase/Core
  - Firebase/MLVision
  - Firebase/MLVisionTextModel
  - FloatingPanel
  - MXParallaxHeader
  - paper-onboarding
  - Reductio
  - RSLoadingView
  - SwiftEntryKit
  - SwiftSoup
  - SwiftyJSON (~> 4.0)

SPEC REPOS:
  trunk:
    - AlignedCollectionViewFlowLayout
    - CropViewController
    - EzPopup
    - Firebase
    - FirebaseAnalytics
    - FirebaseCore
    - FirebaseCoreDiagnostics
    - FirebaseCoreDiagnosticsInterop
    - FirebaseInstanceID
    - FirebaseMLCommon
    - FirebaseMLVision
    - FirebaseMLVisionTextModel
    - FloatingPanel
    - GoogleAPIClientForREST
    - GoogleAppMeasurement
    - GoogleDataTransport
    - GoogleDataTransportCCTSupport
    - GoogleToolboxForMac
    - GoogleUtilities
    - GTMSessionFetcher
    - MXParallaxHeader
    - nanopb
    - paper-onboarding
    - Protobuf
    - QuickLayout
    - Reductio
    - RSLoadingView
    - SwiftEntryKit
    - SwiftSoup
    - SwiftyJSON

SPEC CHECKSUMS:
  AlignedCollectionViewFlowLayout: ee2ef451e741ec08f8e0967d828001e2f051c20a
  CropViewController: 10ba7af75e302f2db7eb913f8aa1156f95cfe88e
  EzPopup: b959cfb0d70d782a28e770a96c454df0401467c7
  Firebase: 2d750c54cda57d5a6ae31212cfe5cc813c6be7e4
  FirebaseAnalytics: 5d9ccbf46ed25d3ec9304d263f85bddf1e93e2d2
  FirebaseCore: 8b2765c445d40db7137989b7146a3aa3f91b5529
  FirebaseCoreDiagnostics: be4f7a09d02ab305f18de59a470412caddb64c2a
  FirebaseCoreDiagnosticsInterop: 6829da2b8d1fc795ff1bd99df751d3788035d2cb
  FirebaseInstanceID: 550df9be1f99f751d8fcde3ac342a1e21a0e6c42
  FirebaseMLCommon: 45b456098f5d38c0fe023dd6dca3ee0f91256b2d
  FirebaseMLVision: 33745e08da6adc5375c7979b581b3521dc057f74
  FirebaseMLVisionTextModel: a552ff2baa26074923f71b499152a93955bba233
  FloatingPanel: f686602da8eff56375e577f19be37348a95f4e24
  GoogleAPIClientForREST: 4acfffd77f1c3c8741b6be9eaed0e603278efbde
  GoogleAppMeasurement: 0ae90be1cc4dad40f4a27fc767ef59fa032ec87b
  GoogleDataTransport: c8617c00e4f3eb9418e42ac0e8ac5241a9d555dd
  GoogleDataTransportCCTSupport: 9f352523e8785a71f6754f51eeff09f49ec19268
  GoogleToolboxForMac: b3553629623a3b1bff17f555e736cd5a6d95ad55
  GoogleUtilities: f895fde57977df4e0233edda0dbeac490e3703b6
  GTMSessionFetcher: 61bb0f61a4cb560030f1222021178008a5727a23
  MXParallaxHeader: a95e0af1f485b1b718a6939f583f0dbae6992c41
  nanopb: 2901f78ea1b7b4015c860c2fdd1ea2fee1a18d48
  paper-onboarding: 47ded9ede6ae9dd7ec135dddd8bd3e170b79d799
  Protobuf: a4dc852ad69c027ca2166ed287b856697814375b
  QuickLayout: 07b45a72b10083fee3f095990cfed1c1e7b27f0a
  Reductio: bb6fe437dc1025f766d1c39161029efad2220cc9
  RSLoadingView: c7749afdd455229643e8f34277d0695973a15b1a
  SwiftEntryKit: 340713c2e4a6662c5149629990bf1088bf5f0389
  SwiftSoup: a91d3c96ecb6f8f13005552ef60f9075aae4a7f3
  SwiftyJSON: 6faa0040f8b59dead0ee07436cbf76b73c08fd08

PODFILE CHECKSUM: 086f4547dc96997d4cdd53c6731b6795469847cb

COCOAPODS: 1.8.4
